
Microsoft Visual Studio Solution File, Format Version 12.00
# Visual Studio Version 17
VisualStudioVersion = 17.0.32112.339
MinimumVisualStudioVersion = 10.0.40219.1
Project("{FAE04EC0-301F-11D3-BF4B-00C04F79EFBC}") = "RabbitMQ.Consumer", "RabbitMQ.Consumer.csproj", "{FC1E53BB-3352-4ADF-8245-B376D3D0574A}"
EndProject
Global
	GlobalSection(SolutionConfigurationPlatforms) = preSolution
		Debug|Any CPU = Debug|Any CPU
		Release|Any CPU = Release|Any CPU
	EndGlobalSection
	GlobalSection(ProjectConfigurationPlatforms) = postSolution
		{FC1E53BB-3352-4ADF-8245-B376D3D0574A}.Debug|Any CPU.ActiveCfg = Debug|Any CPU
		{FC1E53BB-3352-4ADF-8245-B376D3D0574A}.Debug|Any CPU.Build.0 = Debug|Any CPU
		{FC1E53BB-3352-4ADF-8245-B376D3D0574A}.Release|Any CPU.ActiveCfg = Release|Any CPU
		{FC1E53BB-3352-4ADF-8245-B376D3D0574A}.Release|Any CPU.Build.0 = Release|Any CPU
	EndGlobalSection
	GlobalSection(SolutionProperties) = preSolution
		HideSolutionNode = FALSE
	EndGlobalSection
	GlobalSection(ExtensibilityGlobals) = postSolution
		SolutionGuid = {71D4898B-A44E-4C46-A3A4-A79EA8D9525B}
	EndGlobalSection
EndGlobal
